
Microsoft Visual Studio Solution File, Format Version 12.00
# Visual Studio 15
VisualStudioVersion = 15.0.28307.1000
MinimumVisualStudioVersion = 10.0.40219.1
Project("{FAE04EC0-301F-11D3-BF4B-00C04F79EFBC}") = "ToolManagement", "ToolManagement\ToolManagement.csproj", "{3F8F3F5F-681D-49E7-8813-D58F4B89BBEF}"
EndProject
Global
	GlobalSection(SolutionConfigurationPlatforms) = preSolution
		Debug|Any CPU = Debug|Any CPU
		Release|Any CPU = Release|Any CPU
	EndGlobalSection
	GlobalSection(ProjectConfigurationPlatforms) = postSolution
		{3F8F3F5F-681D-49E7-8813-D58F4B89BBEF}.Debug|Any CPU.ActiveCfg = Debug|Any CPU
		{3F8F3F5F-681D-49E7-8813-D58F4B89BBEF}.Debug|Any CPU.Build.0 = Debug|Any CPU
		{3F8F3F5F-681D-49E7-8813-D58F4B89BBEF}.Release|Any CPU.ActiveCfg = Release|Any CPU
		{3F8F3F5F-681D-49E7-8813-D58F4B89BBEF}.Release|Any CPU.Build.0 = Release|Any CPU
	EndGlobalSection
	GlobalSection(SolutionProperties) = preSolution
		HideSolutionNode = FALSE
	EndGlobalSection
	GlobalSection(ExtensibilityGlobals) = postSolution
		SolutionGuid = {0D332AA4-905A-4D80-9273-07A4C9050DA4}
	EndGlobalSection
EndGlobal
